
Microsoft Visual Studio Solution File, Format Version 12.00
# Visual Studio Version 16
VisualStudioVersion = 16.0.30523.141
MinimumVisualStudioVersion = 10.0.40219.1
Project("{9A19103F-16F7-4668-BE54-9A1E7A4F7556}") = "BlazorWasmCrud", "BlazorWasmCrud.csproj", "{41068006-4029-458A-BBF9-B43EFAF36D35}"
EndProject
Global
	GlobalSection(SolutionConfigurationPlatforms) = preSolution
		Debug|Any CPU = Debug|Any CPU
		Release|Any CPU = Release|Any CPU
	EndGlobalSection
	GlobalSection(ProjectConfigurationPlatforms) = postSolution
		{41068006-4029-458A-BBF9-B43EFAF36D35}.Debug|Any CPU.ActiveCfg = Debug|Any CPU
		{41068006-4029-458A-BBF9-B43EFAF36D35}.Debug|Any CPU.Build.0 = Debug|Any CPU
		{41068006-4029-458A-BBF9-B43EFAF36D35}.Release|Any CPU.ActiveCfg = Release|Any CPU
		{41068006-4029-458A-BBF9-B43EFAF36D35}.Release|Any CPU.Build.0 = Release|Any CPU
	EndGlobalSection
	GlobalSection(SolutionProperties) = preSolution
		HideSolutionNode = FALSE
	EndGlobalSection
	GlobalSection(ExtensibilityGlobals) = postSolution
		SolutionGuid = {60B52D34-C6FB-4F9D-9950-D23A5081D102}
	EndGlobalSection
EndGlobal
